
Microsoft Visual Studio Solution File, Format Version 12.00
# Visual Studio Version 17
VisualStudioVersion = 17.10.35004.147
MinimumVisualStudioVersion = 10.0.40219.1
Project("{9A19103F-16F7-4668-BE54-9A1E7A4F7556}") = "AuctionTrading.Domain", "Domain\AuctionTrading.Domain\AuctionTrading.Domain.csproj", "{484B915F-2462-4F22-96BA-84B09EC985E3}"
	ProjectSection(ProjectDependencies) = postProject
		{1CF8438A-0B47-4D53-A01F-0D5353855B7F} = {1CF8438A-0B47-4D53-A01F-0D5353855B7F}
	EndProjectSection
EndProject
Project("{9A19103F-16F7-4668-BE54-9A1E7A4F7556}") = "AuctionTrading.Domain.ValueObjects", "Domain\AuctionTrading.ValueObjects\AuctionTrading.Domain.ValueObjects.csproj", "{1CF8438A-0B47-4D53-A01F-0D5353855B7F}"
EndProject
Project("{2150E333-8FDC-42A3-9474-1A3956D46DE8}") = "Domain", "Domain", "{6DED46C5-A48A-460E-AD08-5DDF42429487}"
EndProject
Project("{2150E333-8FDC-42A3-9474-1A3956D46DE8}") = "Common", "Common", "{C01A6B14-E48B-446D-8632-2E87DF68DC5B}"
EndProject
Project("{9A19103F-16F7-4668-BE54-9A1E7A4F7556}") = "AuctionTrading.Common", "Common\AuctionTrading.Common\AuctionTrading.Common.csproj", "{34A152B2-9C4B-4CF2-B4A3-2F695C94FA6D}"
EndProject
Project("{9A19103F-16F7-4668-BE54-9A1E7A4F7556}") = "AuctionTrading.Domain.Repositories.Abstractions", "Domain\AuctionTrading.Domain.Repositories.Abstractions\AuctionTrading.Domain.Repositories.Abstractions.csproj", "{E001A288-CF91-4574-946B-AC221E89075B}"
EndProject
Project("{2150E333-8FDC-42A3-9474-1A3956D46DE8}") = "Infrastructure", "Infrastructure", "{4B500E4D-7F20-4DD2-B0EF-68D3670386C5}"
EndProject
Project("{9A19103F-16F7-4668-BE54-9A1E7A4F7556}") = "AuctionTrading.Infrastructure.EntityFramework", "Infrastructure\AuctionTrading.Infrastructure.EntityFramework\AuctionTrading.Infrastructure.EntityFramework.csproj", "{4A3DE83C-429F-401F-8FF9-E0094AACE111}"
EndProject
Project("{2150E333-8FDC-42A3-9474-1A3956D46DE8}") = "Application", "Application", "{67507186-785A-4039-9032-61075ADB1691}"
EndProject
Project("{9A19103F-16F7-4668-BE54-9A1E7A4F7556}") = "AuctionTrading.Application.Models", "Application\AuctionTrading.Application.Models\AuctionTrading.Application.Models.csproj", "{1F605BC6-CDED-4EB5-8FF1-4E9D1EF6B8E2}"
EndProject
Project("{9A19103F-16F7-4668-BE54-9A1E7A4F7556}") = "AuctionTrading.Application.Services", "Application\AuctionTrading.Application.Services\AuctionTrading.Application.Services.csproj", "{466C96A4-6B15-48FF-A570-D424C7FE67C7}"
EndProject
Project("{9A19103F-16F7-4668-BE54-9A1E7A4F7556}") = "AuctionTrading.Infrastructure.Repositories.Implementations", "Infrastructure\Repositories.Implementations\AuctionTrading.Infrastructure.Repositories.Implementations.csproj", "{6AD2AC84-39AD-412C-B38B-5174E13AD6E5}"
EndProject
Project("{2150E333-8FDC-42A3-9474-1A3956D46DE8}") = "Presentation", "Presentation", "{FEAA0A05-F1A5-4C51-9353-3F72F06CF385}"
EndProject
Project("{FAE04EC0-301F-11D3-BF4B-00C04F79EFBC}") = "AuctionTrading.WebHost", "Presentation\AuctionTrading.WebHost\AuctionTrading.WebHost.csproj", "{3EFC2FF3-86F5-406C-A390-E89A9EF339DE}"
EndProject
Global
	GlobalSection(SolutionConfigurationPlatforms) = preSolution
		Debug|Any CPU = Debug|Any CPU
		Release|Any CPU = Release|Any CPU
	EndGlobalSection
	GlobalSection(ProjectConfigurationPlatforms) = postSolution
		{484B915F-2462-4F22-96BA-84B09EC985E3}.Debug|Any CPU.ActiveCfg = Debug|Any CPU
		{484B915F-2462-4F22-96BA-84B09EC985E3}.Debug|Any CPU.Build.0 = Debug|Any CPU
		{484B915F-2462-4F22-96BA-84B09EC985E3}.Release|Any CPU.ActiveCfg = Release|Any CPU
		{484B915F-2462-4F22-96BA-84B09EC985E3}.Release|Any CPU.Build.0 = Release|Any CPU
		{1CF8438A-0B47-4D53-A01F-0D5353855B7F}.Debug|Any CPU.ActiveCfg = Debug|Any CPU
		{1CF8438A-0B47-4D53-A01F-0D5353855B7F}.Debug|Any CPU.Build.0 = Debug|Any CPU
		{1CF8438A-0B47-4D53-A01F-0D5353855B7F}.Release|Any CPU.ActiveCfg = Release|Any CPU
		{1CF8438A-0B47-4D53-A01F-0D5353855B7F}.Release|Any CPU.Build.0 = Release|Any CPU
		{34A152B2-9C4B-4CF2-B4A3-2F695C94FA6D}.Debug|Any CPU.ActiveCfg = Debug|Any CPU
		{34A152B2-9C4B-4CF2-B4A3-2F695C94FA6D}.Debug|Any CPU.Build.0 = Debug|Any CPU
		{34A152B2-9C4B-4CF2-B4A3-2F695C94FA6D}.Release|Any CPU.ActiveCfg = Release|Any CPU
		{34A152B2-9C4B-4CF2-B4A3-2F695C94FA6D}.Release|Any CPU.Build.0 = Release|Any CPU
		{E001A288-CF91-4574-946B-AC221E89075B}.Debug|Any CPU.ActiveCfg = Debug|Any CPU
		{E001A288-CF91-4574-946B-AC221E89075B}.Debug|Any CPU.Build.0 = Debug|Any CPU
		{E001A288-CF91-4574-946B-AC221E89075B}.Release|Any CPU.ActiveCfg = Release|Any CPU
		{E001A288-CF91-4574-946B-AC221E89075B}.Release|Any CPU.Build.0 = Release|Any CPU
		{4A3DE83C-429F-401F-8FF9-E0094AACE111}.Debug|Any CPU.ActiveCfg = Debug|Any CPU
		{4A3DE83C-429F-401F-8FF9-E0094AACE111}.Debug|Any CPU.Build.0 = Debug|Any CPU
		{4A3DE83C-429F-401F-8FF9-E0094AACE111}.Release|Any CPU.ActiveCfg = Release|Any CPU
		{4A3DE83C-429F-401F-8FF9-E0094AACE111}.Release|Any CPU.Build.0 = Release|Any CPU
		{1F605BC6-CDED-4EB5-8FF1-4E9D1EF6B8E2}.Debug|Any CPU.ActiveCfg = Debug|Any CPU
		{1F605BC6-CDED-4EB5-8FF1-4E9D1EF6B8E2}.Debug|Any CPU.Build.0 = Debug|Any CPU
		{1F605BC6-CDED-4EB5-8FF1-4E9D1EF6B8E2}.Release|Any CPU.ActiveCfg = Release|Any CPU
		{1F605BC6-CDED-4EB5-8FF1-4E9D1EF6B8E2}.Release|Any CPU.Build.0 = Release|Any CPU
		{466C96A4-6B15-48FF-A570-D424C7FE67C7}.Debug|Any CPU.ActiveCfg = Debug|Any CPU
		{466C96A4-6B15-48FF-A570-D424C7FE67C7}.Debug|Any CPU.Build.0 = Debug|Any CPU
		{466C96A4-6B15-48FF-A570-D424C7FE67C7}.Release|Any CPU.ActiveCfg = Release|Any CPU
		{466C96A4-6B15-48FF-A570-D424C7FE67C7}.Release|Any CPU.Build.0 = Release|Any CPU
		{6AD2AC84-39AD-412C-B38B-5174E13AD6E5}.Debug|Any CPU.ActiveCfg = Debug|Any CPU
		{6AD2AC84-39AD-412C-B38B-5174E13AD6E5}.Debug|Any CPU.Build.0 = Debug|Any CPU
		{6AD2AC84-39AD-412C-B38B-5174E13AD6E5}.Release|Any CPU.ActiveCfg = Release|Any CPU
		{6AD2AC84-39AD-412C-B38B-5174E13AD6E5}.Release|Any CPU.Build.0 = Release|Any CPU
		{3EFC2FF3-86F5-406C-A390-E89A9EF339DE}.Debug|Any CPU.ActiveCfg = Debug|Any CPU
		{3EFC2FF3-86F5-406C-A390-E89A9EF339DE}.Debug|Any CPU.Build.0 = Debug|Any CPU
		{3EFC2FF3-86F5-406C-A390-E89A9EF339DE}.Release|Any CPU.ActiveCfg = Release|Any CPU
		{3EFC2FF3-86F5-406C-A390-E89A9EF339DE}.Release|Any CPU.Build.0 = Release|Any CPU
	EndGlobalSection
	GlobalSection(SolutionProperties) = preSolution
		HideSolutionNode = FALSE
	EndGlobalSection
	GlobalSection(NestedProjects) = preSolution
		{484B915F-2462-4F22-96BA-84B09EC985E3} = {6DED46C5-A48A-460E-AD08-5DDF42429487}
		{1CF8438A-0B47-4D53-A01F-0D5353855B7F} = {6DED46C5-A48A-460E-AD08-5DDF42429487}
		{34A152B2-9C4B-4CF2-B4A3-2F695C94FA6D} = {C01A6B14-E48B-446D-8632-2E87DF68DC5B}
		{E001A288-CF91-4574-946B-AC221E89075B} = {6DED46C5-A48A-460E-AD08-5DDF42429487}
		{4A3DE83C-429F-401F-8FF9-E0094AACE111} = {4B500E4D-7F20-4DD2-B0EF-68D3670386C5}
		{1F605BC6-CDED-4EB5-8FF1-4E9D1EF6B8E2} = {67507186-785A-4039-9032-61075ADB1691}
		{466C96A4-6B15-48FF-A570-D424C7FE67C7} = {67507186-785A-4039-9032-61075ADB1691}
		{6AD2AC84-39AD-412C-B38B-5174E13AD6E5} = {4B500E4D-7F20-4DD2-B0EF-68D3670386C5}
		{3EFC2FF3-86F5-406C-A390-E89A9EF339DE} = {FEAA0A05-F1A5-4C51-9353-3F72F06CF385}
	EndGlobalSection
	GlobalSection(ExtensibilityGlobals) = postSolution
		SolutionGuid = {9D74A14A-E3BE-45C4-A79F-EDD2F33B6591}
	EndGlobalSection
EndGlobal
